<?xml version="1.0" encoding="utf-8"?>
<Project ToolsVersion="4.0" xmlns="http://schemas.microsoft.com/developer/msbuild/2003">
  <ItemGroup>
    <Filter Include="Source Files">
      <UniqueIdentifier>{4FC737F1-C7A5-4376-A066-2A32D752A2FF}</UniqueIdentifier>
      <Extensions>cpp;c;cc;cxx;def;odl;idl;hpj;bat;asm;asmx</Extensions>
    </Filter>
  </ItemGroup>
  <ItemGroup>
    <ClCompile Include="assember.c">
      <Filter>Source Files</Filter>
    </ClCompile>
    <ClCompile Include="fort.c">
      <Filter>Source Files</Filter>
    </ClCompile>
    <ClCompile Include="InstructionSet.c">
      <Filter>Source Files</Filter>
    </ClCompile>
    <ClCompile Include="interaction.c">
      <Filter>Source Files</Filter>
    </ClCompile>
    <ClCompile Include="parser.c">
      <Filter>Source Files</Filter>
    </ClCompile>
    <ClCompile Include="stringHelpers.c">
      <Filter>Source Files</Filter>
    </ClCompile>
    <ClCompile Include="main.c">
      <Filter>Source Files</Filter>
    </ClCompile>
    <ClCompile Include="memory_helpers.c">
      <Filter>Source Files</Filter>
    </ClCompile>
  </ItemGroup>
  <ItemGroup>
    <ClInclude Include="assembler.h">
      <Filter>Source Files</Filter>
    </ClInclude>
    <ClInclude Include="fort.h">
      <Filter>Source Files</Filter>
    </ClInclude>
    <ClInclude Include="InstructionSet.h">
      <Filter>Source Files</Filter>
    </ClInclude>
    <ClInclude Include="interaction.h">
      <Filter>Source Files</Filter>
    </ClInclude>
    <ClInclude Include="parser.h">
      <Filter>Source Files</Filter>
    </ClInclude>
    <ClInclude Include="stringHelpers.h">
      <Filter>Source Files</Filter>
    </ClInclude>
    <ClInclude Include="memory_helpers.h">
      <Filter>Source Files</Filter>
    </ClInclude>
  </ItemGroup>
</Project>